{
    "name": "Team_Profile_Generator",
    "version": "1.0.0",
    "lockfileVersion": 3,
    "requires": true,
    "packages": {
        "": {
            "name": "Team_Profile_Generator",
            "version": "1.0.0",
            "license": "MIT",
            "dependencies": {
                "inquirer": "^8.2.2"
            },
            "devDependencies": {
                "jest": "^27.5.1"
            }
        
        }
    }
}
